
Microsoft Visual Studio Solution File, Format Version 12.00
# Visual Studio Version 16
VisualStudioVersion = 16.0.32002.261
MinimumVisualStudioVersion = 10.0.40219.1
Project("{888888A0-9F3D-457C-B088-3A5042F75D52}") = "LiveSpeechPortraits", "LiveSpeechPortraits.pyproj", "{87000FDB-E678-453C-9779-7EE42066A126}"
EndProject
Global
	GlobalSection(SolutionConfigurationPlatforms) = preSolution
		Debug|Any CPU = Debug|Any CPU
		Release|Any CPU = Release|Any CPU
	EndGlobalSection
	GlobalSection(ProjectConfigurationPlatforms) = postSolution
		{87000FDB-E678-453C-9779-7EE42066A126}.Debug|Any CPU.ActiveCfg = Debug|Any CPU
		{87000FDB-E678-453C-9779-7EE42066A126}.Release|Any CPU.ActiveCfg = Release|Any CPU
	EndGlobalSection
	GlobalSection(SolutionProperties) = preSolution
		HideSolutionNode = FALSE
	EndGlobalSection
	GlobalSection(ExtensibilityGlobals) = postSolution
		SolutionGuid = {4EA0E645-BCE5-437F-979B-1F8B3A048593}
	EndGlobalSection
EndGlobal
